
Microsoft Visual Studio Solution File, Format Version 12.00
# Visual Studio Version 17
VisualStudioVersion = 17.7.34031.279
MinimumVisualStudioVersion = 10.0.40219.1
Project("{9A19103F-16F7-4668-BE54-9A1E7A4F7556}") = "BlazorApp2.Server", "BlazorApp2\Server\BlazorApp2.Server.csproj", "{B37543CB-857B-444C-90A9-C1852F336D72}"
EndProject
Project("{9A19103F-16F7-4668-BE54-9A1E7A4F7556}") = "BlazorApp2.Client", "BlazorApp2\Client\BlazorApp2.Client.csproj", "{A41B5C0F-B6A4-4457-B717-64365EFED0D6}"
EndProject
Project("{9A19103F-16F7-4668-BE54-9A1E7A4F7556}") = "BlazorApp2.Shared", "BlazorApp2\Shared\BlazorApp2.Shared.csproj", "{DA164A2D-BD92-47AD-93C4-7959A4B2F0C3}"
EndProject
Global
	GlobalSection(SolutionConfigurationPlatforms) = preSolution
		Debug|Any CPU = Debug|Any CPU
		Release|Any CPU = Release|Any CPU
	EndGlobalSection
	GlobalSection(ProjectConfigurationPlatforms) = postSolution
		{B37543CB-857B-444C-90A9-C1852F336D72}.Debug|Any CPU.ActiveCfg = Debug|Any CPU
		{B37543CB-857B-444C-90A9-C1852F336D72}.Debug|Any CPU.Build.0 = Debug|Any CPU
		{B37543CB-857B-444C-90A9-C1852F336D72}.Release|Any CPU.ActiveCfg = Release|Any CPU
		{B37543CB-857B-444C-90A9-C1852F336D72}.Release|Any CPU.Build.0 = Release|Any CPU
		{A41B5C0F-B6A4-4457-B717-64365EFED0D6}.Debug|Any CPU.ActiveCfg = Debug|Any CPU
		{A41B5C0F-B6A4-4457-B717-64365EFED0D6}.Debug|Any CPU.Build.0 = Debug|Any CPU
		{A41B5C0F-B6A4-4457-B717-64365EFED0D6}.Release|Any CPU.ActiveCfg = Release|Any CPU
		{A41B5C0F-B6A4-4457-B717-64365EFED0D6}.Release|Any CPU.Build.0 = Release|Any CPU
		{DA164A2D-BD92-47AD-93C4-7959A4B2F0C3}.Debug|Any CPU.ActiveCfg = Debug|Any CPU
		{DA164A2D-BD92-47AD-93C4-7959A4B2F0C3}.Debug|Any CPU.Build.0 = Debug|Any CPU
		{DA164A2D-BD92-47AD-93C4-7959A4B2F0C3}.Release|Any CPU.ActiveCfg = Release|Any CPU
		{DA164A2D-BD92-47AD-93C4-7959A4B2F0C3}.Release|Any CPU.Build.0 = Release|Any CPU
	EndGlobalSection
	GlobalSection(SolutionProperties) = preSolution
		HideSolutionNode = FALSE
	EndGlobalSection
	GlobalSection(ExtensibilityGlobals) = postSolution
		SolutionGuid = {B6B1F911-0048-4670-8A43-E18B610CB5B0}
	EndGlobalSection
EndGlobal
